#MicroXplorer Configuration settings - do not modify
CAD.formats=
CAD.pinconfig=
CAD.provider=
CORTEX_M7.IPParameters=default_mode_Activation
CORTEX_M7.default_mode_Activation=1
FDCAN1.CalculateBaudRateNominal=18750
FDCAN1.CalculateTimeBitNominal=53333
FDCAN1.CalculateTimeQuantumNominal=10666.666666666666
FDCAN1.IPParameters=CalculateTimeQuantumNominal,CalculateTimeBitNominal,CalculateBaudRateNominal
File.Version=6
GPIO.groupedBy=Group By Peripherals
KeepUserPlacement=false
Mcu.CPN=STM32H730VBT6
Mcu.Family=STM32H7
Mcu.IP0=CORTEX_M7
Mcu.IP1=DEBUG
Mcu.IP10=TIM1
Mcu.IP11=TIM3
Mcu.IP2=FDCAN1
Mcu.IP3=NVIC
Mcu.IP4=RCC
Mcu.IP5=SPI1
Mcu.IP6=SPI2
Mcu.IP7=SPI3
Mcu.IP8=SPI4
Mcu.IP9=SYS
Mcu.IPNb=12
Mcu.Name=STM32H730VBTx
Mcu.Package=LQFP100
Mcu.Pin0=PC14-OSC32_IN
Mcu.Pin1=PC15-OSC32_OUT
Mcu.Pin10=PC4
Mcu.Pin11=PC5
Mcu.Pin12=PB0
Mcu.Pin13=PB1
Mcu.Pin14=PB2
Mcu.Pin15=PE7
Mcu.Pin16=PE8
Mcu.Pin17=PE9
Mcu.Pin18=PE10
Mcu.Pin19=PE11
Mcu.Pin2=PH0-OSC_IN
Mcu.Pin20=PE12
Mcu.Pin21=PE13
Mcu.Pin22=PE14
Mcu.Pin23=PE15
Mcu.Pin24=PB10
Mcu.Pin25=PB11
Mcu.Pin26=PB12
Mcu.Pin27=PB13
Mcu.Pin28=PB14
Mcu.Pin29=PB15
Mcu.Pin3=PH1-OSC_OUT
Mcu.Pin30=PD8
Mcu.Pin31=PD9
Mcu.Pin32=PD10
Mcu.Pin33=PD11
Mcu.Pin34=PD12
Mcu.Pin35=PD13
Mcu.Pin36=PD14
Mcu.Pin37=PD15
Mcu.Pin38=PC6
Mcu.Pin39=PC7
Mcu.Pin4=PC0
Mcu.Pin40=PC8
Mcu.Pin41=PC9
Mcu.Pin42=PA8
Mcu.Pin43=PA9
Mcu.Pin44=PA13(JTMS/SWDIO)
Mcu.Pin45=PA14(JTCK/SWCLK)
Mcu.Pin46=PA15(JTDI)
Mcu.Pin47=PC10
Mcu.Pin48=PC11
Mcu.Pin49=PC12
Mcu.Pin5=PC1
Mcu.Pin50=PD0
Mcu.Pin51=PD1
Mcu.Pin52=PD4
Mcu.Pin53=VP_SYS_VS_Systick
Mcu.Pin6=PA4
Mcu.Pin7=PA5
Mcu.Pin8=PA6
Mcu.Pin9=PA7
Mcu.PinsNb=54
Mcu.ThirdPartyNb=0
Mcu.UserConstants=
Mcu.UserName=STM32H730VBTx
MxCube.Version=6.11.1
MxDb.Version=DB.6.0.111
NVIC.BusFault_IRQn=true\:0\:0\:false\:false\:true\:false\:false\:false
NVIC.DebugMonitor_IRQn=true\:0\:0\:false\:false\:true\:false\:false\:false
NVIC.ForceEnableDMAVector=true
NVIC.HardFault_IRQn=true\:0\:0\:false\:false\:true\:false\:false\:false
NVIC.MemoryManagement_IRQn=true\:0\:0\:false\:false\:true\:false\:false\:false
NVIC.NonMaskableInt_IRQn=true\:0\:0\:false\:false\:true\:false\:false\:false
NVIC.PendSV_IRQn=true\:0\:0\:false\:false\:true\:false\:false\:false
NVIC.PriorityGroup=NVIC_PRIORITYGROUP_4
NVIC.SVCall_IRQn=true\:0\:0\:false\:false\:true\:false\:false\:false
NVIC.SysTick_IRQn=true\:15\:0\:false\:false\:true\:false\:true\:false
NVIC.UsageFault_IRQn=true\:0\:0\:false\:false\:true\:false\:false\:false
PA13(JTMS/SWDIO).Mode=Serial_Wire
PA13(JTMS/SWDIO).Signal=DEBUG_JTMS-SWDIO
PA14(JTCK/SWCLK).Mode=Serial_Wire
PA14(JTCK/SWCLK).Signal=DEBUG_JTCK-SWCLK
PA15(JTDI).GPIOParameters=GPIO_Label
PA15(JTDI).GPIO_Label=DIAG_ADC_nCS
PA15(JTDI).Locked=true
PA15(JTDI).Signal=GPIO_Output
PA4.Locked=true
PA4.Mode=NSS_Signal_Hard_Output
PA4.Signal=SPI1_NSS
PA5.Locked=true
PA5.Mode=Full_Duplex_Master
PA5.Signal=SPI1_SCK
PA6.Locked=true
PA6.Mode=Full_Duplex_Master
PA6.Signal=SPI1_MISO
PA7.Locked=true
PA7.Mode=Full_Duplex_Master
PA7.Signal=SPI1_MOSI
PA8.GPIOParameters=GPIO_Label
PA8.GPIO_Label=ADDR_2
PA8.Locked=true
PA8.Signal=S_TIM1_CH1
PA9.GPIOParameters=GPIO_Label
PA9.GPIO_Label=ADDR_1
PA9.Locked=true
PA9.Signal=S_TIM1_CH2
PB0.GPIOParameters=GPIO_Label
PB0.GPIO_Label=M2_TRIG
PB0.Locked=true
PB0.Signal=GPIO_Output
PB1.GPIOParameters=GPIO_Label
PB1.GPIO_Label=M3_TRIG
PB1.Locked=true
PB1.Signal=GPIO_Output
PB10.GPIOParameters=GPIO_Label
PB10.GPIO_Label=M78_STAT
PB10.Locked=true
PB10.Signal=GPIO_Input
PB11.GPIOParameters=GPIO_Label
PB11.GPIO_Label=M8_TRIG
PB11.Locked=true
PB11.Signal=GPIO_Output
PB12.Locked=true
PB12.Mode=NSS_Signal_Hard_Output
PB12.Signal=SPI2_NSS
PB13.Locked=true
PB13.Mode=Full_Duplex_Master
PB13.Signal=SPI2_SCK
PB14.Locked=true
PB14.Mode=Full_Duplex_Master
PB14.Signal=SPI2_MISO
PB15.Locked=true
PB15.Mode=Full_Duplex_Master
PB15.Signal=SPI2_MOSI
PB2.GPIOParameters=GPIO_Label
PB2.GPIO_Label=M34_STAT
PB2.Locked=true
PB2.Signal=GPIO_Input
PC0.GPIOParameters=GPIO_PuPd,GPIO_Label,GPIO_ModeDefaultOutputPP
PC0.GPIO_Label=R_LED
PC0.GPIO_ModeDefaultOutputPP=GPIO_MODE_OUTPUT_OD
PC0.GPIO_PuPd=GPIO_NOPULL
PC0.Locked=true
PC0.Signal=GPIO_Output
PC1.GPIOParameters=GPIO_PuPd,GPIO_Label,GPIO_ModeDefaultOutputPP
PC1.GPIO_Label=G_LED
PC1.GPIO_ModeDefaultOutputPP=GPIO_MODE_OUTPUT_OD
PC1.GPIO_PuPd=GPIO_NOPULL
PC1.Locked=true
PC1.Signal=GPIO_Output
PC10.Locked=true
PC10.Mode=Full_Duplex_Master
PC10.Signal=SPI3_SCK
PC11.Locked=true
PC11.Mode=Full_Duplex_Master
PC11.Signal=SPI3_MISO
PC12.Locked=true
PC12.Mode=Full_Duplex_Master
PC12.Signal=SPI3_MOSI
PC14-OSC32_IN.Locked=true
PC14-OSC32_IN.Mode=LSE-External-Oscillator
PC14-OSC32_IN.Signal=RCC_OSC32_IN
PC15-OSC32_OUT.Locked=true
PC15-OSC32_OUT.Mode=LSE-External-Oscillator
PC15-OSC32_OUT.Signal=RCC_OSC32_OUT
PC4.GPIOParameters=GPIO_Label
PC4.GPIO_Label=M1_TRIG
PC4.Locked=true
PC4.Signal=GPIO_Output
PC5.GPIOParameters=GPIO_Label
PC5.GPIO_Label=M12_STAT
PC5.Locked=true
PC5.Signal=GPIO_Input
PC6.GPIOParameters=GPIO_Label
PC6.GPIO_Label=ADDR_6
PC6.Locked=true
PC6.Signal=S_TIM3_CH1
PC7.GPIOParameters=GPIO_Label
PC7.GPIO_Label=ADDR_5
PC7.Locked=true
PC7.Signal=S_TIM3_CH2
PC8.GPIOParameters=GPIO_Label
PC8.GPIO_Label=ADDR_4
PC8.Locked=true
PC8.Signal=S_TIM3_CH3
PC9.GPIOParameters=GPIO_Label
PC9.GPIO_Label=ADDR_3
PC9.Locked=true
PC9.Signal=S_TIM3_CH4
PD0.Locked=true
PD0.Mode=FDCAN_Activate
PD0.Signal=FDCAN1_RX
PD1.Locked=true
PD1.Mode=FDCAN_Activate
PD1.Signal=FDCAN1_TX
PD10.GPIOParameters=GPIO_Label
PD10.GPIO_Label=M10_TRIG
PD10.Locked=true
PD10.Signal=GPIO_Output
PD11.GPIOParameters=GPIO_Label
PD11.GPIO_Label=M11_TRIG
PD11.Locked=true
PD11.Signal=GPIO_Output
PD12.GPIOParameters=GPIO_Label
PD12.GPIO_Label=M1112_STAT
PD12.Locked=true
PD12.Signal=GPIO_Input
PD13.GPIOParameters=GPIO_Label
PD13.GPIO_Label=M12_TRIG
PD13.Locked=true
PD13.Signal=GPIO_Output
PD14.GPIOParameters=GPIO_Label
PD14.GPIO_Label=nBUZZ
PD14.Locked=true
PD14.Signal=GPIO_Output
PD15.GPIOParameters=GPIO_Label
PD15.GPIO_Label=INH_12V
PD15.Locked=true
PD15.Signal=GPIO_Output
PD4.GPIOParameters=GPIO_Label
PD4.GPIO_Label=TCAN1146_nCS
PD4.Locked=true
PD4.Signal=GPIO_Output
PD8.GPIOParameters=GPIO_Label
PD8.GPIO_Label=M9_TRIG
PD8.Locked=true
PD8.Signal=GPIO_Output
PD9.GPIOParameters=GPIO_Label
PD9.GPIO_Label=M910_STAT
PD9.Locked=true
PD9.Signal=GPIO_Input
PE10.GPIOParameters=GPIO_Label
PE10.GPIO_Label=M6_TRIG
PE10.Locked=true
PE10.Signal=GPIO_Output
PE11.Locked=true
PE11.Mode=NSS_Signal_Hard_Output
PE11.Signal=SPI4_NSS
PE12.Locked=true
PE12.Mode=Full_Duplex_Master
PE12.Signal=SPI4_SCK
PE13.Locked=true
PE13.Mode=Full_Duplex_Master
PE13.Signal=SPI4_MISO
PE14.Locked=true
PE14.Mode=Full_Duplex_Master
PE14.Signal=SPI4_MOSI
PE15.GPIOParameters=GPIO_Label
PE15.GPIO_Label=M7_TRIG
PE15.Locked=true
PE15.Signal=GPIO_Output
PE7.GPIOParameters=GPIO_Label
PE7.GPIO_Label=M4_TRIG
PE7.Locked=true
PE7.Signal=GPIO_Output
PE8.GPIOParameters=GPIO_Label
PE8.GPIO_Label=M5_TRIG
PE8.Locked=true
PE8.Signal=GPIO_Output
PE9.GPIOParameters=GPIO_Label
PE9.GPIO_Label=M56_STAT
PE9.Locked=true
PE9.Signal=GPIO_Input
PH0-OSC_IN.Locked=true
PH0-OSC_IN.Mode=HSE-External-Oscillator
PH0-OSC_IN.Signal=RCC_OSC_IN
PH1-OSC_OUT.Locked=true
PH1-OSC_OUT.Mode=HSE-External-Oscillator
PH1-OSC_OUT.Signal=RCC_OSC_OUT
PinOutPanel.RotationAngle=0
ProjectManager.AskForMigrate=true
ProjectManager.BackupPrevious=false
ProjectManager.CompilerOptimize=6
ProjectManager.ComputerToolchain=false
ProjectManager.CoupleFile=false
ProjectManager.CustomerFirmwarePackage=
ProjectManager.DefaultFWLocation=true
ProjectManager.DeletePrevious=true
ProjectManager.DeviceId=STM32H730VBTx
ProjectManager.FirmwarePackage=STM32Cube FW_H7 V1.11.2
ProjectManager.FreePins=false
ProjectManager.HalAssertFull=false
ProjectManager.HeapSize=0x200
ProjectManager.KeepUserCode=true
ProjectManager.LastFirmware=true
ProjectManager.LibraryCopy=1
ProjectManager.MainLocation=Core/Src
ProjectManager.NoMain=false
ProjectManager.PreviousToolchain=STM32CubeIDE
ProjectManager.ProjectBuild=false
ProjectManager.ProjectFileName=LIGHTLINK.ioc
ProjectManager.ProjectName=LIGHTLINK
ProjectManager.ProjectStructure=
ProjectManager.RegisterCallBack=
ProjectManager.StackSize=0x400
ProjectManager.TargetToolchain=STM32CubeIDE
ProjectManager.ToolChainLocation=
ProjectManager.UAScriptAfterPath=
ProjectManager.UAScriptBeforePath=
ProjectManager.UnderRoot=true
ProjectManager.functionlistsort=1-SystemClock_Config-RCC-false-HAL-false,2-MX_GPIO_Init-GPIO-false-HAL-true,0-MX_CORTEX_M7_Init-CORTEX_M7-false-HAL-true
RCC.ADCFreq_Value=75000000
RCC.AHB12Freq_Value=64000000
RCC.AHB4Freq_Value=64000000
RCC.APB1Freq_Value=64000000
RCC.APB2Freq_Value=64000000
RCC.APB3Freq_Value=64000000
RCC.APB4Freq_Value=64000000
RCC.AXIClockFreq_Value=64000000
RCC.CECFreq_Value=32000
RCC.CKPERFreq_Value=64000000
RCC.CortexFreq_Value=64000000
RCC.CpuClockFreq_Value=64000000
RCC.D1CPREFreq_Value=64000000
RCC.DFSDMACLkFreq_Value=1500000
RCC.DFSDMFreq_Value=64000000
RCC.DIVM1=48
RCC.DIVM2=48
RCC.DIVN1=150
RCC.DIVN2=150
RCC.DIVP1Freq_Value=75000000
RCC.DIVP2Freq_Value=75000000
RCC.DIVP3Freq_Value=96750000
RCC.DIVQ1=100
RCC.DIVQ1Freq_Value=1500000
RCC.DIVQ2=100
RCC.DIVQ2Freq_Value=1500000
RCC.DIVQ3Freq_Value=96750000
RCC.DIVR1Freq_Value=75000000
RCC.DIVR2Freq_Value=75000000
RCC.DIVR3Freq_Value=96750000
RCC.FDCANFreq_Value=1500000
RCC.FMCFreq_Value=64000000
RCC.FamilyName=M
RCC.HCLK3ClockFreq_Value=64000000
RCC.HCLKFreq_Value=64000000
RCC.HSE_VALUE=48000000
RCC.I2C123Freq_Value=64000000
RCC.I2C4Freq_Value=64000000
RCC.IPParameters=ADCFreq_Value,AHB12Freq_Value,AHB4Freq_Value,APB1Freq_Value,APB2Freq_Value,APB3Freq_Value,APB4Freq_Value,AXIClockFreq_Value,CECFreq_Value,CKPERFreq_Value,CortexFreq_Value,CpuClockFreq_Value,D1CPREFreq_Value,DFSDMACLkFreq_Value,DFSDMFreq_Value,DIVM1,DIVM2,DIVN1,DIVN2,DIVP1Freq_Value,DIVP2Freq_Value,DIVP3Freq_Value,DIVQ1,DIVQ1Freq_Value,DIVQ2,DIVQ2Freq_Value,DIVQ3Freq_Value,DIVR1Freq_Value,DIVR2Freq_Value,DIVR3Freq_Value,FDCANFreq_Value,FMCFreq_Value,FamilyName,HCLK3ClockFreq_Value,HCLKFreq_Value,HSE_VALUE,I2C123Freq_Value,I2C4Freq_Value,LPTIM1Freq_Value,LPTIM2Freq_Value,LPTIM345Freq_Value,LPUART1Freq_Value,LTDCFreq_Value,MCO1PinFreq_Value,MCO2PinFreq_Value,PLLSourceVirtual,QSPIFreq_Value,RNGFreq_Value,RTCFreq_Value,SAI1Freq_Value,SAI4AFreq_Value,SAI4BFreq_Value,SDMMCFreq_Value,SPDIFRXFreq_Value,SPI123Freq_Value,SPI45Freq_Value,SPI6Freq_Value,SWPMI1Freq_Value,SYSCLKFreq_VALUE,Spi45ClockSelection,Tim1OutputFreq_Value,Tim2OutputFreq_Value,TraceFreq_Value,USART16Freq_Value,USART234578Freq_Value,USBFreq_Value,VCO1OutputFreq_Value,VCO2OutputFreq_Value,VCO3OutputFreq_Value,VCOInput1Freq_Value,VCOInput2Freq_Value,VCOInput3Freq_Value
RCC.LPTIM1Freq_Value=64000000
RCC.LPTIM2Freq_Value=64000000
RCC.LPTIM345Freq_Value=64000000
RCC.LPUART1Freq_Value=64000000
RCC.LTDCFreq_Value=96750000
RCC.MCO1PinFreq_Value=64000000
RCC.MCO2PinFreq_Value=64000000
RCC.PLLSourceVirtual=RCC_PLLSOURCE_HSE
RCC.QSPIFreq_Value=64000000
RCC.RNGFreq_Value=48000000
RCC.RTCFreq_Value=32000
RCC.SAI1Freq_Value=1500000
RCC.SAI4AFreq_Value=1500000
RCC.SAI4BFreq_Value=1500000
RCC.SDMMCFreq_Value=1500000
RCC.SPDIFRXFreq_Value=1500000
RCC.SPI123Freq_Value=1500000
RCC.SPI45Freq_Value=1500000
RCC.SPI6Freq_Value=64000000
RCC.SWPMI1Freq_Value=64000000
RCC.SYSCLKFreq_VALUE=64000000
RCC.Spi45ClockSelection=RCC_SPI45CLKSOURCE_PLL2
RCC.Tim1OutputFreq_Value=64000000
RCC.Tim2OutputFreq_Value=64000000
RCC.TraceFreq_Value=64000000
RCC.USART16Freq_Value=64000000
RCC.USART234578Freq_Value=64000000
RCC.USBFreq_Value=1500000
RCC.VCO1OutputFreq_Value=150000000
RCC.VCO2OutputFreq_Value=150000000
RCC.VCO3OutputFreq_Value=193500000
RCC.VCOInput1Freq_Value=1000000
RCC.VCOInput2Freq_Value=1000000
RCC.VCOInput3Freq_Value=1500000
SH.S_TIM1_CH1.0=TIM1_CH1,PWM Generation1 CH1
SH.S_TIM1_CH1.ConfNb=1
SH.S_TIM1_CH2.0=TIM1_CH2,PWM Generation2 CH2
SH.S_TIM1_CH2.ConfNb=1
SH.S_TIM3_CH1.0=TIM3_CH1,PWM Generation1 CH1
SH.S_TIM3_CH1.ConfNb=1
SH.S_TIM3_CH2.0=TIM3_CH2,PWM Generation2 CH2
SH.S_TIM3_CH2.ConfNb=1
SH.S_TIM3_CH3.0=TIM3_CH3,PWM Generation3 CH3
SH.S_TIM3_CH3.ConfNb=1
SH.S_TIM3_CH4.0=TIM3_CH4,PWM Generation4 CH4
SH.S_TIM3_CH4.ConfNb=1
SPI1.CalculateBaudRate=750.0 KBits/s
SPI1.Direction=SPI_DIRECTION_2LINES
SPI1.IPParameters=VirtualType,Mode,Direction,CalculateBaudRate,VirtualNSS
SPI1.Mode=SPI_MODE_MASTER
SPI1.VirtualNSS=VM_NSSHARD
SPI1.VirtualType=VM_MASTER
SPI2.CalculateBaudRate=750.0 KBits/s
SPI2.Direction=SPI_DIRECTION_2LINES
SPI2.IPParameters=VirtualType,Mode,Direction,CalculateBaudRate,VirtualNSS
SPI2.Mode=SPI_MODE_MASTER
SPI2.VirtualNSS=VM_NSSHARD
SPI2.VirtualType=VM_MASTER
SPI3.CalculateBaudRate=750.0 KBits/s
SPI3.Direction=SPI_DIRECTION_2LINES
SPI3.IPParameters=VirtualType,Mode,Direction,CalculateBaudRate
SPI3.Mode=SPI_MODE_MASTER
SPI3.VirtualType=VM_MASTER
SPI4.CalculateBaudRate=750.0 KBits/s
SPI4.Direction=SPI_DIRECTION_2LINES
SPI4.IPParameters=VirtualType,Mode,Direction,CalculateBaudRate,VirtualNSS
SPI4.Mode=SPI_MODE_MASTER
SPI4.VirtualNSS=VM_NSSHARD
SPI4.VirtualType=VM_MASTER
TIM1.Channel-PWM\ Generation1\ CH1=TIM_CHANNEL_1
TIM1.Channel-PWM\ Generation2\ CH2=TIM_CHANNEL_2
TIM1.IPParameters=Channel-PWM Generation2 CH2,Channel-PWM Generation1 CH1
TIM3.Channel-PWM\ Generation1\ CH1=TIM_CHANNEL_1
TIM3.Channel-PWM\ Generation2\ CH2=TIM_CHANNEL_2
TIM3.Channel-PWM\ Generation3\ CH3=TIM_CHANNEL_3
TIM3.Channel-PWM\ Generation4\ CH4=TIM_CHANNEL_4
TIM3.IPParameters=Channel-PWM Generation4 CH4,Channel-PWM Generation3 CH3,Channel-PWM Generation2 CH2,Channel-PWM Generation1 CH1
VP_SYS_VS_Systick.Mode=SysTick
VP_SYS_VS_Systick.Signal=SYS_VS_Systick
board=custom
